// !$*UTF8*$!
{
	archiveVersion = 1;
	classes = {
	};
	objectVersion = 50;
	objects = {

/* Begin PBXBuildFile section */
		2924062D20EF1090002D14C6 /* ViewController+HideKeyboard.swift in Sources */ = {isa = PBXBuildFile; fileRef = 2924062C20EF1090002D14C6 /* ViewController+HideKeyboard.swift */; };
		2924062F20EF1F17002D14C6 /* UdacityConvenienceMethods.swift in Sources */ = {isa = PBXBuildFile; fileRef = 2924062E20EF1F17002D14C6 /* UdacityConvenienceMethods.swift */; };
		2924063120F0899D002D14C6 /* ViewController+ActivityIndicator.swift in Sources */ = {isa = PBXBuildFile; fileRef = 2924063020F0899D002D14C6 /* ViewController+ActivityIndicator.swift */; };
		29C59B1E20E5C14E0083CFE9 /* AppDelegate.swift in Sources */ = {isa = PBXBuildFile; fileRef = 29C59B1D20E5C14E0083CFE9 /* AppDelegate.swift */; };
		29C59B2020E5C14E0083CFE9 /* MapViewController.swift in Sources */ = {isa = PBXBuildFile; fileRef = 29C59B1F20E5C14E0083CFE9 /* MapViewController.swift */; };
		29C59B2220E5C14E0083CFE9 /* LocationTableViewController.swift in Sources */ = {isa = PBXBuildFile; fileRef = 29C59B2120E5C14E0083CFE9 /* LocationTableViewController.swift */; };
		29C59B2520E5C14E0083CFE9 /* Main.storyboard in Resources */ = {isa = PBXBuildFile; fileRef = 29C59B2320E5C14E0083CFE9 /* Main.storyboard */; };
		29C59B2720E5C14F0083CFE9 /* Assets.xcassets in Resources */ = {isa = PBXBuildFile; fileRef = 29C59B2620E5C14F0083CFE9 /* Assets.xcassets */; };
		29C59B2A20E5C14F0083CFE9 /* LaunchScreen.storyboard in Resources */ = {isa = PBXBuildFile; fileRef = 29C59B2820E5C14F0083CFE9 /* LaunchScreen.storyboard */; };
		29C59B3520E5C14F0083CFE9 /* OntheMapTests.swift in Sources */ = {isa = PBXBuildFile; fileRef = 29C59B3420E5C14F0083CFE9 /* OntheMapTests.swift */; };
		29C59B4320E5C2ED0083CFE9 /* UdacityClient.swift in Sources */ = {isa = PBXBuildFile; fileRef = 29C59B4220E5C2ED0083CFE9 /* UdacityClient.swift */; };
		29C59B4520E5C3010083CFE9 /* UdacityConstants.swift in Sources */ = {isa = PBXBuildFile; fileRef = 29C59B4420E5C3010083CFE9 /* UdacityConstants.swift */; };
		29C59B4720E5C9220083CFE9 /* StudentLocation.swift in Sources */ = {isa = PBXBuildFile; fileRef = 29C59B4620E5C9220083CFE9 /* StudentLocation.swift */; };
		29C59B4920E908430083CFE9 /* AddLocationViewController.swift in Sources */ = {isa = PBXBuildFile; fileRef = 29C59B4820E908430083CFE9 /* AddLocationViewController.swift */; };
		29C59B4B20EB0FE70083CFE9 /* AddLocationMapViewController.swift in Sources */ = {isa = PBXBuildFile; fileRef = 29C59B4A20EB0FE70083CFE9 /* AddLocationMapViewController.swift */; };
		29C59B4E20EB138F0083CFE9 /* ViewController+ShowAlert.swift in Sources */ = {isa = PBXBuildFile; fileRef = 29C59B4D20EB138F0083CFE9 /* ViewController+ShowAlert.swift */; };
		29C59B5120EC5CAC0083CFE9 /* UserSession.swift in Sources */ = {isa = PBXBuildFile; fileRef = 29C59B5020EC5CAC0083CFE9 /* UserSession.swift */; };
		29C59B5320EC68B70083CFE9 /* LogInViewController.swift in Sources */ = {isa = PBXBuildFile; fileRef = 29C59B5220EC68B70083CFE9 /* LogInViewController.swift */; };
/* End PBXBuildFile section */

/* Begin PBXContainerItemProxy section */
		29C59B3120E5C14F0083CFE9 /* PBXContainerItemProxy */ = {
			isa = PBXContainerItemProxy;
			containerPortal = 29C59B1220E5C14E0083CFE9 /* Project object */;
			proxyType = 1;
			remoteGlobalIDString = 29C59B1920E5C14E0083CFE9;
			remoteInfo = OntheMap;
		};
/* End PBXContainerItemProxy section */

/* Begin PBXFileReference section */
		2924062C20EF1090002D14C6 /* ViewController+HideKeyboard.swift */ = {isa = PBXFileReference; lastKnownFileType = sourcecode.swift; path = "ViewController+HideKeyboard.swift"; sourceTree = "<group>"; };
		2924062E20EF1F17002D14C6 /* UdacityConvenienceMethods.swift */ = {isa = PBXFileReference; lastKnownFileType = sourcecode.swift; path = UdacityConvenienceMethods.swift; sourceTree = "<group>"; };
		2924063020F0899D002D14C6 /* ViewController+ActivityIndicator.swift */ = {isa = PBXFileReference; lastKnownFileType = sourcecode.swift; path = "ViewController+ActivityIndicator.swift"; sourceTree = "<group>"; };
		29C59B1A20E5C14E0083CFE9 /* OntheMap.app */ = {isa = PBXFileReference; explicitFileType = wrapper.application; includeInIndex = 0; path = OntheMap.app; sourceTree = BUILT_PRODUCTS_DIR; };
		29C59B1D20E5C14E0083CFE9 /* AppDelegate.swift */ = {isa = PBXFileReference; lastKnownFileType = sourcecode.swift; path = AppDelegate.swift; sourceTree = "<group>"; };
		29C59B1F20E5C14E0083CFE9 /* MapViewController.swift */ = {isa = PBXFileReference; lastKnownFileType = sourcecode.swift; path = MapViewController.swift; sourceTree = "<group>"; };
		29C59B2120E5C14E0083CFE9 /* LocationTableViewController.swift */ = {isa = PBXFileReference; lastKnownFileType = sourcecode.swift; path = LocationTableViewController.swift; sourceTree = "<group>"; };
		29C59B2420E5C14E0083CFE9 /* Base */ = {isa = PBXFileReference; lastKnownFileType = file.storyboard; name = Base; path = Base.lproj/Main.storyboard; sourceTree = "<group>"; };
		29C59B2620E5C14F0083CFE9 /* Assets.xcassets */ = {isa = PBXFileReference; lastKnownFileType = folder.assetcatalog; path = Assets.xcassets; sourceTree = "<group>"; };
		29C59B2920E5C14F0083CFE9 /* Base */ = {isa = PBXFileReference; lastKnownFileType = file.storyboard; name = Base; path = Base.lproj/LaunchScreen.storyboard; sourceTree = "<group>"; };
		29C59B2B20E5C14F0083CFE9 /* Info.plist */ = {isa = PBXFileReference; lastKnownFileType = text.plist.xml; path = Info.plist; sourceTree = "<group>"; };
		29C59B3020E5C14F0083CFE9 /* OntheMapTests.xctest */ = {isa = PBXFileReference; explicitFileType = wrapper.cfbundle; includeInIndex = 0; path = OntheMapTests.xctest; sourceTree = BUILT_PRODUCTS_DIR; };
		29C59B3420E5C14F0083CFE9 /* OntheMapTests.swift */ = {isa = PBXFileReference; lastKnownFileType = sourcecode.swift; path = OntheMapTests.swift; sourceTree = "<group>"; };
		29C59B3620E5C14F0083CFE9 /* Info.plist */ = {isa = PBXFileReference; lastKnownFileType = text.plist.xml; path = Info.plist; sourceTree = "<group>"; };
		29C59B4220E5C2ED0083CFE9 /* UdacityClient.swift */ = {isa = PBXFileReference; lastKnownFileType = sourcecode.swift; path = UdacityClient.swift; sourceTree = "<group>"; };
		29C59B4420E5C3010083CFE9 /* UdacityConstants.swift */ = {isa = PBXFileReference; lastKnownFileType = sourcecode.swift; path = UdacityConstants.swift; sourceTree = "<group>"; };
		29C59B4620E5C9220083CFE9 /* StudentLocation.swift */ = {isa = PBXFileReference; lastKnownFileType = sourcecode.swift; path = StudentLocation.swift; sourceTree = "<group>"; };
		29C59B4820E908430083CFE9 /* AddLocationViewController.swift */ = {isa = PBXFileReference; lastKnownFileType = sourcecode.swift; path = AddLocationViewController.swift; sourceTree = "<group>"; };
		29C59B4A20EB0FE70083CFE9 /* AddLocationMapViewController.swift */ = {isa = PBXFileReference; fileEncoding = 4; lastKnownFileType = sourcecode.swift; path = AddLocationMapViewController.swift; sourceTree = "<group>"; };
		29C59B4D20EB138F0083CFE9 /* ViewController+ShowAlert.swift */ = {isa = PBXFileReference; lastKnownFileType = sourcecode.swift; path = "ViewController+ShowAlert.swift"; sourceTree = "<group>"; };
		29C59B5020EC5CAC0083CFE9 /* UserSession.swift */ = {isa = PBXFileReference; lastKnownFileType = sourcecode.swift; path = UserSession.swift; sourceTree = "<group>"; };
		29C59B5220EC68B70083CFE9 /* LogInViewController.swift */ = {isa = PBXFileReference; lastKnownFileType = sourcecode.swift; path = LogInViewController.swift; sourceTree = "<group>"; };
/* End PBXFileReference section */

/* Begin PBXFrameworksBuildPhase section */
		29C59B1720E5C14E0083CFE9 /* Frameworks */ = {
			isa = PBXFrameworksBuildPhase;
			buildActionMask = 2147483647;
			files = (
			);
			runOnlyForDeploymentPostprocessing = 0;
		};
		29C59B2D20E5C14F0083CFE9 /* Frameworks */ = {
			isa = PBXFrameworksBuildPhase;
			buildActionMask = 2147483647;
			files = (
			);
			runOnlyForDeploymentPostprocessing = 0;
		};
/* End PBXFrameworksBuildPhase section */

/* Begin PBXGroup section */
		29C59B1120E5C14E0083CFE9 = {
			isa = PBXGroup;
			children = (
				29C59B1C20E5C14E0083CFE9 /* OntheMap */,
				29C59B3320E5C14F0083CFE9 /* OntheMapTests */,
				29C59B1B20E5C14E0083CFE9 /* Products */,
			);
			sourceTree = "<group>";
		};
		29C59B1B20E5C14E0083CFE9 /* Products */ = {
			isa = PBXGroup;
			children = (
				29C59B1A20E5C14E0083CFE9 /* OntheMap.app */,
				29C59B3020E5C14F0083CFE9 /* OntheMapTests.xctest */,
			);
			name = Products;
			sourceTree = "<group>";
		};
		29C59B1C20E5C14E0083CFE9 /* OntheMap */ = {
			isa = PBXGroup;
			children = (
				29C59B4F20EB1EA30083CFE9 /* Extension */,
				29C59B4C20EB13540083CFE9 /* Controller */,
				29C59B3F20E5C2940083CFE9 /* Model */,
				29C59B1D20E5C14E0083CFE9 /* AppDelegate.swift */,
				29C59B2320E5C14E0083CFE9 /* Main.storyboard */,
				29C59B2620E5C14F0083CFE9 /* Assets.xcassets */,
				29C59B2820E5C14F0083CFE9 /* LaunchScreen.storyboard */,
				29C59B2B20E5C14F0083CFE9 /* Info.plist */,
			);
			path = OntheMap;
			sourceTree = "<group>";
		};
		29C59B3320E5C14F0083CFE9 /* OntheMapTests */ = {
			isa = PBXGroup;
			children = (
				29C59B3420E5C14F0083CFE9 /* OntheMapTests.swift */,
				29C59B3620E5C14F0083CFE9 /* Info.plist */,
			);
			path = OntheMapTests;
			sourceTree = "<group>";
		};
		29C59B3F20E5C2940083CFE9 /* Model */ = {
			isa = PBXGroup;
			children = (
				29C59B4020E5C29B0083CFE9 /* Clients */,
				29C59B4620E5C9220083CFE9 /* StudentLocation.swift */,
				29C59B5020EC5CAC0083CFE9 /* UserSession.swift */,
			);
			path = Model;
			sourceTree = "<group>";
		};
		29C59B4020E5C29B0083CFE9 /* Clients */ = {
			isa = PBXGroup;
			children = (
				29C59B4120E5C2A40083CFE9 /* Udacity */,
			);
			path = Clients;
			sourceTree = "<group>";
		};
		29C59B4120E5C2A40083CFE9 /* Udacity */ = {
			isa = PBXGroup;
			children = (
				29C59B4220E5C2ED0083CFE9 /* UdacityClient.swift */,
				29C59B4420E5C3010083CFE9 /* UdacityConstants.swift */,
				2924062E20EF1F17002D14C6 /* UdacityConvenienceMethods.swift */,
			);
			path = Udacity;
			sourceTree = "<group>";
		};
		29C59B4C20EB13540083CFE9 /* Controller */ = {
			isa = PBXGroup;
			children = (
				29C59B1F20E5C14E0083CFE9 /* MapViewController.swift */,
				29C59B2120E5C14E0083CFE9 /* LocationTableViewController.swift */,
				29C59B4820E908430083CFE9 /* AddLocationViewController.swift */,
				29C59B4A20EB0FE70083CFE9 /* AddLocationMapViewController.swift */,
				29C59B5220EC68B70083CFE9 /* LogInViewController.swift */,
			);
			path = Controller;
			sourceTree = "<group>";
		};
		29C59B4F20EB1EA30083CFE9 /* Extension */ = {
			isa = PBXGroup;
			children = (
				29C59B4D20EB138F0083CFE9 /* ViewController+ShowAlert.swift */,
				2924062C20EF1090002D14C6 /* ViewController+HideKeyboard.swift */,
				2924063020F0899D002D14C6 /* ViewController+ActivityIndicator.swift */,
			);
			path = Extension;
			sourceTree = "<group>";
		};
/* End PBXGroup section */

/* Begin PBXNativeTarget section */
		29C59B1920E5C14E0083CFE9 /* OntheMap */ = {
			isa = PBXNativeTarget;
			buildConfigurationList = 29C59B3920E5C14F0083CFE9 /* Build configuration list for PBXNativeTarget "OntheMap" */;
			buildPhases = (
				29C59B1620E5C14E0083CFE9 /* Sources */,
				29C59B1720E5C14E0083CFE9 /* Frameworks */,
				29C59B1820E5C14E0083CFE9 /* Resources */,
			);
			buildRules = (
			);
			dependencies = (
			);
			name = OntheMap;
			productName = OntheMap;
			productReference = 29C59B1A20E5C14E0083CFE9 /* OntheMap.app */;
			productType = "com.apple.product-type.application";
		};
		29C59B2F20E5C14F0083CFE9 /* OntheMapTests */ = {
			isa = PBXNativeTarget;
			buildConfigurationList = 29C59B3C20E5C14F0083CFE9 /* Build configuration list for PBXNativeTarget "OntheMapTests" */;
			buildPhases = (
				29C59B2C20E5C14F0083CFE9 /* Sources */,
				29C59B2D20E5C14F0083CFE9 /* Frameworks */,
				29C59B2E20E5C14F0083CFE9 /* Resources */,
			);
			buildRules = (
			);
			dependencies = (
				29C59B3220E5C14F0083CFE9 /* PBXTargetDependency */,
			);
			name = OntheMapTests;
			productName = OntheMapTests;
			productReference = 29C59B3020E5C14F0083CFE9 /* OntheMapTests.xctest */;
			productType = "com.apple.product-type.bundle.unit-test";
		};
/* End PBXNativeTarget section */

/* Begin PBXProject section */
		29C59B1220E5C14E0083CFE9 /* Project object */ = {
			isa = PBXProject;
			attributes = {
				LastSwiftUpdateCheck = 0940;
				LastUpgradeCheck = 0940;
				ORGANIZATIONNAME = "Sergio Costa";
				TargetAttributes = {
					29C59B1920E5C14E0083CFE9 = {
						CreatedOnToolsVersion = 9.4.1;
					};
					29C59B2F20E5C14F0083CFE9 = {
						CreatedOnToolsVersion = 9.4.1;
						TestTargetID = 29C59B1920E5C14E0083CFE9;
					};
				};
			};
			buildConfigurationList = 29C59B1520E5C14E0083CFE9 /* Build configuration list for PBXProject "OntheMap" */;
			compatibilityVersion = "Xcode 9.3";
			developmentRegion = en;
			hasScannedForEncodings = 0;
			knownRegions = (
				en,
				Base,
			);
			mainGroup = 29C59B1120E5C14E0083CFE9;
			productRefGroup = 29C59B1B20E5C14E0083CFE9 /* Products */;
			projectDirPath = "";
			projectRoot = "";
			targets = (
				29C59B1920E5C14E0083CFE9 /* OntheMap */,
				29C59B2F20E5C14F0083CFE9 /* OntheMapTests */,
			);
		};
/* End PBXProject section */

/* Begin PBXResourcesBuildPhase section */
		29C59B1820E5C14E0083CFE9 /* Resources */ = {
			isa = PBXResourcesBuildPhase;
			buildActionMask = 2147483647;
			files = (
				29C59B2A20E5C14F0083CFE9 /* LaunchScreen.storyboard in Resources */,
				29C59B2720E5C14F0083CFE9 /* Assets.xcassets in Resources */,
				29C59B2520E5C14E0083CFE9 /* Main.storyboard in Resources */,
			);
			runOnlyForDeploymentPostprocessing = 0;
		};
		29C59B2E20E5C14F0083CFE9 /* Resources */ = {
			isa = PBXResourcesBuildPhase;
			buildActionMask = 2147483647;
			files = (
			);
			runOnlyForDeploymentPostprocessing = 0;
		};
/* End PBXResourcesBuildPhase section */

/* Begin PBXSourcesBuildPhase section */
		29C59B1620E5C14E0083CFE9 /* Sources */ = {
			isa = PBXSourcesBuildPhase;
			buildActionMask = 2147483647;
			files = (
				2924062F20EF1F17002D14C6 /* UdacityConvenienceMethods.swift in Sources */,
				29C59B4720E5C9220083CFE9 /* StudentLocation.swift in Sources */,
				29C59B5120EC5CAC0083CFE9 /* UserSession.swift in Sources */,
				29C59B5320EC68B70083CFE9 /* LogInViewController.swift in Sources */,
				2924063120F0899D002D14C6 /* ViewController+ActivityIndicator.swift in Sources */,
				2924062D20EF1090002D14C6 /* ViewController+HideKeyboard.swift in Sources */,
				29C59B4320E5C2ED0083CFE9 /* UdacityClient.swift in Sources */,
				29C59B4520E5C3010083CFE9 /* UdacityConstants.swift in Sources */,
				29C59B4920E908430083CFE9 /* AddLocationViewController.swift in Sources */,
				29C59B4B20EB0FE70083CFE9 /* AddLocationMapViewController.swift in Sources */,
				29C59B2220E5C14E0083CFE9 /* LocationTableViewController.swift in Sources */,
				29C59B4E20EB138F0083CFE9 /* ViewController+ShowAlert.swift in Sources */,
				29C59B1E20E5C14E0083CFE9 /* AppDelegate.swift in Sources */,
				29C59B2020E5C14E0083CFE9 /* MapViewController.swift in Sources */,
			);
			runOnlyForDeploymentPostprocessing = 0;
		};
		29C59B2C20E5C14F0083CFE9 /* Sources */ = {
			isa = PBXSourcesBuildPhase;
			buildActionMask = 2147483647;
			files = (
				29C59B3520E5C14F0083CFE9 /* OntheMapTests.swift in Sources */,
			);
			runOnlyForDeploymentPostprocessing = 0;
		};
/* End PBXSourcesBuildPhase section */

/* Begin PBXTargetDependency section */
		29C59B3220E5C14F0083CFE9 /* PBXTargetDependency */ = {
			isa = PBXTargetDependency;
			target = 29C59B1920E5C14E0083CFE9 /* OntheMap */;
			targetProxy = 29C59B3120E5C14F0083CFE9 /* PBXContainerItemProxy */;
		};
/* End PBXTargetDependency section */

/* Begin PBXVariantGroup section */
		29C59B2320E5C14E0083CFE9 /* Main.storyboard */ = {
			isa = PBXVariantGroup;
			children = (
				29C59B2420E5C14E0083CFE9 /* Base */,
			);
			name = Main.storyboard;
			sourceTree = "<group>";
		};
		29C59B2820E5C14F0083CFE9 /* LaunchScreen.storyboard */ = {
			isa = PBXVariantGroup;
			children = (
				29C59B2920E5C14F0083CFE9 /* Base */,
			);
			name = LaunchScreen.storyboard;
			sourceTree = "<group>";
		};
/* End PBXVariantGroup section */

/* Begin XCBuildConfiguration section */
		29C59B3720E5C14F0083CFE9 /* Debug */ = {
			isa = XCBuildConfiguration;
			buildSettings = {
				ALWAYS_SEARCH_USER_PATHS = NO;
				CLANG_ANALYZER_NONNULL = YES;
				CLANG_ANALYZER_NUMBER_OBJECT_CONVERSION = YES_AGGRESSIVE;
				CLANG_CXX_LANGUAGE_STANDARD = "gnu++14";
				CLANG_CXX_LIBRARY = "libc++";
				CLANG_ENABLE_MODULES = YES;
				CLANG_ENABLE_OBJC_ARC = YES;
				CLANG_ENABLE_OBJC_WEAK = YES;
				CLANG_WARN_BLOCK_CAPTURE_AUTORELEASING = YES;
				CLANG_WARN_BOOL_CONVERSION = YES;
				CLANG_WARN_COMMA = YES;
				CLANG_WARN_CONSTANT_CONVERSION = YES;
				CLANG_WARN_DEPRECATED_OBJC_IMPLEMENTATIONS = YES;
				CLANG_WARN_DIRECT_OBJC_ISA_USAGE = YES_ERROR;
				CLANG_WARN_DOCUMENTATION_COMMENTS = YES;
				CLANG_WARN_EMPTY_BODY = YES;
				CLANG_WARN_ENUM_CONVERSION = YES;
				CLANG_WARN_INFINITE_RECURSION = YES;
				CLANG_WARN_INT_CONVERSION = YES;
				CLANG_WARN_NON_LITERAL_NULL_CONVERSION = YES;
				CLANG_WARN_OBJC_IMPLICIT_RETAIN_SELF = YES;
				CLANG_WARN_OBJC_LITERAL_CONVERSION = YES;
				CLANG_WARN_OBJC_ROOT_CLASS = YES_ERROR;
				CLANG_WARN_RANGE_LOOP_ANALYSIS = YES;
				CLANG_WARN_STRICT_PROTOTYPES = YES;
				CLANG_WARN_SUSPICIOUS_MOVE = YES;
				CLANG_WARN_UNGUARDED_AVAILABILITY = YES_AGGRESSIVE;
				CLANG_WARN_UNREACHABLE_CODE = YES;
				CLANG_WARN__DUPLICATE_METHOD_MATCH = YES;
				CODE_SIGN_IDENTITY = "iPhone Developer";
				COPY_PHASE_STRIP = NO;
				DEBUG_INFORMATION_FORMAT = dwarf;
				ENABLE_STRICT_OBJC_MSGSEND = YES;
				ENABLE_TESTABILITY = YES;
				GCC_C_LANGUAGE_STANDARD = gnu11;
				GCC_DYNAMIC_NO_PIC = NO;
				GCC_NO_COMMON_BLOCKS = YES;
				GCC_OPTIMIZATION_LEVEL = 0;
				GCC_PREPROCESSOR_DEFINITIONS = (
					"DEBUG=1",
					"$(inherited)",
				);
				GCC_WARN_64_TO_32_BIT_CONVERSION = YES;
				GCC_WARN_ABOUT_RETURN_TYPE = YES_ERROR;
				GCC_WARN_UNDECLARED_SELECTOR = YES;
				GCC_WARN_UNINITIALIZED_AUTOS = YES_AGGRESSIVE;
				GCC_WARN_UNUSED_FUNCTION = YES;
				GCC_WARN_UNUSED_VARIABLE = YES;
				IPHONEOS_DEPLOYMENT_TARGET = 11.4;
				MTL_ENABLE_DEBUG_INFO = YES;
				ONLY_ACTIVE_ARCH = YES;
				SDKROOT = iphoneos;
				SWIFT_ACTIVE_COMPILATION_CONDITIONS = DEBUG;
				SWIFT_OPTIMIZATION_LEVEL = "-Onone";
			};
			name = Debug;
		};
		29C59B3820E5C14F0083CFE9 /* Release */ = {
			isa = XCBuildConfiguration;
			buildSettings = {
				ALWAYS_SEARCH_USER_PATHS = NO;
				CLANG_ANALYZER_NONNULL = YES;
				CLANG_ANALYZER_NUMBER_OBJECT_CONVERSION = YES_AGGRESSIVE;
				CLANG_CXX_LANGUAGE_STANDARD = "gnu++14";
				CLANG_CXX_LIBRARY = "libc++";
				CLANG_ENABLE_MODULES = YES;
				CLANG_ENABLE_OBJC_ARC = YES;
				CLANG_ENABLE_OBJC_WEAK = YES;
				CLANG_WARN_BLOCK_CAPTURE_AUTORELEASING = YES;
				CLANG_WARN_BOOL_CONVERSION = YES;
				CLANG_WARN_COMMA = YES;
				CLANG_WARN_CONSTANT_CONVERSION = YES;
				CLANG_WARN_DEPRECATED_OBJC_IMPLEMENTATIONS = YES;
				CLANG_WARN_DIRECT_OBJC_ISA_USAGE = YES_ERROR;
				CLANG_WARN_DOCUMENTATION_COMMENTS = YES;
				CLANG_WARN_EMPTY_BODY = YES;
				CLANG_WARN_ENUM_CONVERSION = YES;
				CLANG_WARN_INFINITE_RECURSION = YES;
				CLANG_WARN_INT_CONVERSION = YES;
				CLANG_WARN_NON_LITERAL_NULL_CONVERSION = YES;
				CLANG_WARN_OBJC_IMPLICIT_RETAIN_SELF = YES;
				CLANG_WARN_OBJC_LITERAL_CONVERSION = YES;
				CLANG_WARN_OBJC_ROOT_CLASS = YES_ERROR;
				CLANG_WARN_RANGE_LOOP_ANALYSIS = YES;
				CLANG_WARN_STRICT_PROTOTYPES = YES;
				CLANG_WARN_SUSPICIOUS_MOVE = YES;
				CLANG_WARN_UNGUARDED_AVAILABILITY = YES_AGGRESSIVE;
				CLANG_WARN_UNREACHABLE_CODE = YES;
				CLANG_WARN__DUPLICATE_METHOD_MATCH = YES;
				CODE_SIGN_IDENTITY = "iPhone Developer";
				COPY_PHASE_STRIP = NO;
				DEBUG_INFORMATION_FORMAT = "dwarf-with-dsym";
				ENABLE_NS_ASSERTIONS = NO;
				ENABLE_STRICT_OBJC_MSGSEND = YES;
				GCC_C_LANGUAGE_STANDARD = gnu11;
				GCC_NO_COMMON_BLOCKS = YES;
				GCC_WARN_64_TO_32_BIT_CONVERSION = YES;
				GCC_WARN_ABOUT_RETURN_TYPE = YES_ERROR;
				GCC_WARN_UNDECLARED_SELECTOR = YES;
				GCC_WARN_UNINITIALIZED_AUTOS = YES_AGGRESSIVE;
				GCC_WARN_UNUSED_FUNCTION = YES;
				GCC_WARN_UNUSED_VARIABLE = YES;
				IPHONEOS_DEPLOYMENT_TARGET = 11.4;
				MTL_ENABLE_DEBUG_INFO = NO;
				SDKROOT = iphoneos;
				SWIFT_COMPILATION_MODE = wholemodule;
				SWIFT_OPTIMIZATION_LEVEL = "-O";
				VALIDATE_PRODUCT = YES;
			};
			name = Release;
		};
		29C59B3A20E5C14F0083CFE9 /* Debug */ = {
			isa = XCBuildConfiguration;
			buildSettings = {
				ASSETCATALOG_COMPILER_APPICON_NAME = AppIcon;
				CODE_SIGN_STYLE = Automatic;
				DEVELOPMENT_TEAM = 388G6LJH46;
				INFOPLIST_FILE = OntheMap/Info.plist;
				LD_RUNPATH_SEARCH_PATHS = (
					"$(inherited)",
					"@executable_path/Frameworks",
				);
				PRODUCT_BUNDLE_IDENTIFIER = tc.udacity.OntheMap;
				PRODUCT_NAME = "$(TARGET_NAME)";
				SWIFT_VERSION = 4.0;
				TARGETED_DEVICE_FAMILY = "1,2";
			};
			name = Debug;
		};
		29C59B3B20E5C14F0083CFE9 /* Release */ = {
			isa = XCBuildConfiguration;
			buildSettings = {
				ASSETCATALOG_COMPILER_APPICON_NAME = AppIcon;
				CODE_SIGN_STYLE = Automatic;
				DEVELOPMENT_TEAM = 388G6LJH46;
				INFOPLIST_FILE = OntheMap/Info.plist;
				LD_RUNPATH_SEARCH_PATHS = (
					"$(inherited)",
					"@executable_path/Frameworks",
				);
				PRODUCT_BUNDLE_IDENTIFIER = tc.udacity.OntheMap;
				PRODUCT_NAME = "$(TARGET_NAME)";
				SWIFT_VERSION = 4.0;
				TARGETED_DEVICE_FAMILY = "1,2";
			};
			name = Release;
		};
		29C59B3D20E5C14F0083CFE9 /* Debug */ = {
			isa = XCBuildConfiguration;
			buildSettings = {
				ALWAYS_EMBED_SWIFT_STANDARD_LIBRARIES = YES;
				BUNDLE_LOADER = "$(TEST_HOST)";
				CODE_SIGN_STYLE = Automatic;
				DEVELOPMENT_TEAM = 388G6LJH46;
				INFOPLIST_FILE = OntheMapTests/Info.plist;
				LD_RUNPATH_SEARCH_PATHS = (
					"$(inherited)",
					"@executable_path/Frameworks",
					"@loader_path/Frameworks",
				);
				PRODUCT_BUNDLE_IDENTIFIER = com.tc.udacity.OntheMapTests;
				PRODUCT_NAME = "$(TARGET_NAME)";
				SWIFT_VERSION = 4.0;
				TARGETED_DEVICE_FAMILY = "1,2";
				TEST_HOST = "$(BUILT_PRODUCTS_DIR)/OntheMap.app/OntheMap";
			};
			name = Debug;
		};
		29C59B3E20E5C14F0083CFE9 /* Release */ = {
			isa = XCBuildConfiguration;
			buildSettings = {
				ALWAYS_EMBED_SWIFT_STANDARD_LIBRARIES = YES;
				BUNDLE_LOADER = "$(TEST_HOST)";
				CODE_SIGN_STYLE = Automatic;
				DEVELOPMENT_TEAM = 388G6LJH46;
				INFOPLIST_FILE = OntheMapTests/Info.plist;
				LD_RUNPATH_SEARCH_PATHS = (
					"$(inherited)",
					"@executable_path/Frameworks",
					"@loader_path/Frameworks",
				);
				PRODUCT_BUNDLE_IDENTIFIER = com.tc.udacity.OntheMapTests;
				PRODUCT_NAME = "$(TARGET_NAME)";
				SWIFT_VERSION = 4.0;
				TARGETED_DEVICE_FAMILY = "1,2";
				TEST_HOST = "$(BUILT_PRODUCTS_DIR)/OntheMap.app/OntheMap";
			};
			name = Release;
		};
/* End XCBuildConfiguration section */

/* Begin XCConfigurationList section */
		29C59B1520E5C14E0083CFE9 /* Build configuration list for PBXProject "OntheMap" */ = {
			isa = XCConfigurationList;
			buildConfigurations = (
				29C59B3720E5C14F0083CFE9 /* Debug */,
				29C59B3820E5C14F0083CFE9 /* Release */,
			);
			defaultConfigurationIsVisible = 0;
			defaultConfigurationName = Release;
		};
		29C59B3920E5C14F0083CFE9 /* Build configuration list for PBXNativeTarget "OntheMap" */ = {
			isa = XCConfigurationList;
			buildConfigurations = (
				29C59B3A20E5C14F0083CFE9 /* Debug */,
				29C59B3B20E5C14F0083CFE9 /* Release */,
			);
			defaultConfigurationIsVisible = 0;
			defaultConfigurationName = Release;
		};
		29C59B3C20E5C14F0083CFE9 /* Build configuration list for PBXNativeTarget "OntheMapTests" */ = {
			isa = XCConfigurationList;
			buildConfigurations = (
				29C59B3D20E5C14F0083CFE9 /* Debug */,
				29C59B3E20E5C14F0083CFE9 /* Release */,
			);
			defaultConfigurationIsVisible = 0;
			defaultConfigurationName = Release;
		};
/* End XCConfigurationList section */
	};
	rootObject = 29C59B1220E5C14E0083CFE9 /* Project object */;
}
